
Microsoft Visual Studio Solution File, Format Version 12.00
# Visual Studio Version 17
VisualStudioVersion = 17.3.32929.385
MinimumVisualStudioVersion = 10.0.40219.1
Project("{FAE04EC0-301F-11D3-BF4B-00C04F79EFBC}") = "Calculator", "Calculator.csproj", "{B6061429-BF9F-466B-A1DD-2F0B1FAB5614}"
EndProject
Global
	GlobalSection(SolutionConfigurationPlatforms) = preSolution
		Debug|Any CPU = Debug|Any CPU
		Release|Any CPU = Release|Any CPU
	EndGlobalSection
	GlobalSection(ProjectConfigurationPlatforms) = postSolution
		{B6061429-BF9F-466B-A1DD-2F0B1FAB5614}.Debug|Any CPU.ActiveCfg = Debug|Any CPU
		{B6061429-BF9F-466B-A1DD-2F0B1FAB5614}.Debug|Any CPU.Build.0 = Debug|Any CPU
		{B6061429-BF9F-466B-A1DD-2F0B1FAB5614}.Release|Any CPU.ActiveCfg = Release|Any CPU
		{B6061429-BF9F-466B-A1DD-2F0B1FAB5614}.Release|Any CPU.Build.0 = Release|Any CPU
	EndGlobalSection
	GlobalSection(SolutionProperties) = preSolution
		HideSolutionNode = FALSE
	EndGlobalSection
	GlobalSection(ExtensibilityGlobals) = postSolution
		SolutionGuid = {A719A76D-6EC9-4C8E-8143-E88A88645A4C}
	EndGlobalSection
EndGlobal
